
Microsoft Visual Studio Solution File, Format Version 12.00
# Visual Studio Version 16
VisualStudioVersion = 16.0.33423.256
MinimumVisualStudioVersion = 10.0.40219.1
Project("{FAE04EC0-301F-11D3-BF4B-00C04F79EFBC}") = "Bussines", "Bussines\Bussines.csproj", "{466E6268-C74F-4E7F-B5FE-17F26B0AA975}"
EndProject
Project("{FAE04EC0-301F-11D3-BF4B-00C04F79EFBC}") = "DataAccess", "DataAccess\DataAccess.csproj", "{592207FF-F3C2-4AA1-ACC9-4E4868D8F265}"
EndProject
Project("{FAE04EC0-301F-11D3-BF4B-00C04F79EFBC}") = "Entities", "Entities\Entities.csproj", "{A239F407-223A-4CE5-89CD-38469B72E64D}"
EndProject
Project("{FAE04EC0-301F-11D3-BF4B-00C04F79EFBC}") = "WebAPIWithWindowsForm", "WebAPIWithWindowsForm\WebAPIWithWindowsForm.csproj", "{B085C854-B00D-4E89-92A9-8A9F48CEDA1B}"
EndProject
Project("{FAE04EC0-301F-11D3-BF4B-00C04F79EFBC}") = "WebAPI", "WebAPI\WebAPI.csproj", "{3492B32B-9AAC-40FB-908B-1A926D81C4AD}"
EndProject
Project("{FAE04EC0-301F-11D3-BF4B-00C04F79EFBC}") = "WebAPIWithCoreMvc", "WebAPIWithCoreMvc\WebAPIWithCoreMvc.csproj", "{8C774E91-725F-4AD3-97A7-8FEB97CBFD51}"
EndProject
Global
	GlobalSection(SolutionConfigurationPlatforms) = preSolution
		Debug|Any CPU = Debug|Any CPU
		Release|Any CPU = Release|Any CPU
	EndGlobalSection
	GlobalSection(ProjectConfigurationPlatforms) = postSolution
		{466E6268-C74F-4E7F-B5FE-17F26B0AA975}.Debug|Any CPU.ActiveCfg = Debug|Any CPU
		{466E6268-C74F-4E7F-B5FE-17F26B0AA975}.Debug|Any CPU.Build.0 = Debug|Any CPU
		{466E6268-C74F-4E7F-B5FE-17F26B0AA975}.Release|Any CPU.ActiveCfg = Release|Any CPU
		{466E6268-C74F-4E7F-B5FE-17F26B0AA975}.Release|Any CPU.Build.0 = Release|Any CPU
		{592207FF-F3C2-4AA1-ACC9-4E4868D8F265}.Debug|Any CPU.ActiveCfg = Debug|Any CPU
		{592207FF-F3C2-4AA1-ACC9-4E4868D8F265}.Debug|Any CPU.Build.0 = Debug|Any CPU
		{592207FF-F3C2-4AA1-ACC9-4E4868D8F265}.Release|Any CPU.ActiveCfg = Release|Any CPU
		{592207FF-F3C2-4AA1-ACC9-4E4868D8F265}.Release|Any CPU.Build.0 = Release|Any CPU
		{A239F407-223A-4CE5-89CD-38469B72E64D}.Debug|Any CPU.ActiveCfg = Debug|Any CPU
		{A239F407-223A-4CE5-89CD-38469B72E64D}.Debug|Any CPU.Build.0 = Debug|Any CPU
		{A239F407-223A-4CE5-89CD-38469B72E64D}.Release|Any CPU.ActiveCfg = Release|Any CPU
		{A239F407-223A-4CE5-89CD-38469B72E64D}.Release|Any CPU.Build.0 = Release|Any CPU
		{B085C854-B00D-4E89-92A9-8A9F48CEDA1B}.Debug|Any CPU.ActiveCfg = Debug|Any CPU
		{B085C854-B00D-4E89-92A9-8A9F48CEDA1B}.Debug|Any CPU.Build.0 = Debug|Any CPU
		{B085C854-B00D-4E89-92A9-8A9F48CEDA1B}.Release|Any CPU.ActiveCfg = Release|Any CPU
		{B085C854-B00D-4E89-92A9-8A9F48CEDA1B}.Release|Any CPU.Build.0 = Release|Any CPU
		{3492B32B-9AAC-40FB-908B-1A926D81C4AD}.Debug|Any CPU.ActiveCfg = Debug|Any CPU
		{3492B32B-9AAC-40FB-908B-1A926D81C4AD}.Debug|Any CPU.Build.0 = Debug|Any CPU
		{3492B32B-9AAC-40FB-908B-1A926D81C4AD}.Release|Any CPU.ActiveCfg = Release|Any CPU
		{3492B32B-9AAC-40FB-908B-1A926D81C4AD}.Release|Any CPU.Build.0 = Release|Any CPU
		{8C774E91-725F-4AD3-97A7-8FEB97CBFD51}.Debug|Any CPU.ActiveCfg = Debug|Any CPU
		{8C774E91-725F-4AD3-97A7-8FEB97CBFD51}.Debug|Any CPU.Build.0 = Debug|Any CPU
		{8C774E91-725F-4AD3-97A7-8FEB97CBFD51}.Release|Any CPU.ActiveCfg = Release|Any CPU
		{8C774E91-725F-4AD3-97A7-8FEB97CBFD51}.Release|Any CPU.Build.0 = Release|Any CPU
	EndGlobalSection
	GlobalSection(SolutionProperties) = preSolution
		HideSolutionNode = FALSE
	EndGlobalSection
	GlobalSection(ExtensibilityGlobals) = postSolution
		SolutionGuid = {4CF58F75-3836-41C3-8682-52E03E6191EE}
	EndGlobalSection
EndGlobal
